
Microsoft Visual Studio Solution File, Format Version 12.00
# Visual Studio Version 16
VisualStudioVersion = 16.0.30413.136
MinimumVisualStudioVersion = 10.0.40219.1
Project("{2150E333-8FDC-42A3-9474-1A3956D46DE8}") = "Backend", "Backend", "{EA05AB28-CBCA-4251-A0A2-19B28A6FC359}"
EndProject
Project("{2150E333-8FDC-42A3-9474-1A3956D46DE8}") = "Shared", "Shared", "{6363F438-CF00-4467-8CE9-49BF66B72EE7}"
EndProject
Project("{2150E333-8FDC-42A3-9474-1A3956D46DE8}") = "Frontend", "Frontend", "{3DFA3058-61C6-4570-A2A2-D14266483CC5}"
EndProject
Project("{2150E333-8FDC-42A3-9474-1A3956D46DE8}") = "Web", "Web", "{4A3661F8-6DC8-4762-B418-8342320BADEE}"
EndProject
Project("{2150E333-8FDC-42A3-9474-1A3956D46DE8}") = "Mobile", "Mobile", "{7260475F-48E5-4420-8063-8D9B66D93BE3}"
EndProject
Project("{2150E333-8FDC-42A3-9474-1A3956D46DE8}") = "Desktop", "Desktop", "{6C169E35-920A-4FA0-B702-360CB3D860E2}"
EndProject
Project("{9A19103F-16F7-4668-BE54-9A1E7A4F7556}") = "Chilite.Backend", "Backend\Chilite.Backend\Chilite.Backend.csproj", "{206CC823-98EE-47F9-A0FD-3FDA2F7F5862}"
EndProject
Project("{9A19103F-16F7-4668-BE54-9A1E7A4F7556}") = "Chilite.Protos", "Shared\Chilite.Protos\Chilite.Protos.csproj", "{E25F5B31-B2C8-4B3F-B0E4-78CDFA405DA3}"
EndProject
Project("{9A19103F-16F7-4668-BE54-9A1E7A4F7556}") = "Chilite.Desktop", "Frontend\Desktop\Chilite.Desktop\Chilite.Desktop.csproj", "{18FCEF61-D36A-4F33-AD94-DB953448D9DC}"
EndProject
Project("{FAE04EC0-301F-11D3-BF4B-00C04F79EFBC}") = "Chilite.Mobile.Android", "Frontend\Mobile\Chilite.Mobile.Android\Chilite.Mobile.Android.csproj", "{4BF645BE-B392-4B8F-A983-4AAC8ABD7E5F}"
EndProject
Project("{FAE04EC0-301F-11D3-BF4B-00C04F79EFBC}") = "Chilite.Mobile.iOS", "Frontend\Mobile\Chilite.Mobile.iOS\Chilite.Mobile.iOS.csproj", "{0CD10EFD-9E21-4B5A-A629-50F07F55B0F0}"
EndProject
Project("{9A19103F-16F7-4668-BE54-9A1E7A4F7556}") = "Chilite.Mobile", "Frontend\Mobile\Chilite.Mobile\Chilite.Mobile.csproj", "{8F1E73AB-D8C4-4D73-A117-95C2EB9D41B0}"
EndProject
Project("{9A19103F-16F7-4668-BE54-9A1E7A4F7556}") = "Chilite.Web", "Frontend\Web\Chilite.Web\Chilite.Web.csproj", "{3E884BCC-ECDC-4CD9-BE9C-7FC8D7ABEB28}"
EndProject
Project("{9A19103F-16F7-4668-BE54-9A1E7A4F7556}") = "Chilite.Database", "Backend\Chilite.Database\Chilite.Database.csproj", "{E655EEDB-B1BB-4AEF-957D-CDCD85554A89}"
EndProject
Project("{2150E333-8FDC-42A3-9474-1A3956D46DE8}") = "Shared", "Shared", "{24D74B98-C395-409D-83DC-98B9E00157F8}"
EndProject
Project("{FAE04EC0-301F-11D3-BF4B-00C04F79EFBC}") = "Chilite.ViewModels", "Frontend\Shared\Chilite.ViewModels\Chilite.ViewModels.csproj", "{E15E067A-BAE5-4198-BE43-F17638A98AE6}"
EndProject
Global
	GlobalSection(SolutionConfigurationPlatforms) = preSolution
		Debug|Any CPU = Debug|Any CPU
		Debug|iPhone = Debug|iPhone
		Debug|iPhoneSimulator = Debug|iPhoneSimulator
		Release|Any CPU = Release|Any CPU
		Release|iPhone = Release|iPhone
		Release|iPhoneSimulator = Release|iPhoneSimulator
	EndGlobalSection
	GlobalSection(ProjectConfigurationPlatforms) = postSolution
		{206CC823-98EE-47F9-A0FD-3FDA2F7F5862}.Debug|Any CPU.ActiveCfg = Debug|Any CPU
		{206CC823-98EE-47F9-A0FD-3FDA2F7F5862}.Debug|Any CPU.Build.0 = Debug|Any CPU
		{206CC823-98EE-47F9-A0FD-3FDA2F7F5862}.Debug|iPhone.ActiveCfg = Debug|Any CPU
		{206CC823-98EE-47F9-A0FD-3FDA2F7F5862}.Debug|iPhone.Build.0 = Debug|Any CPU
		{206CC823-98EE-47F9-A0FD-3FDA2F7F5862}.Debug|iPhoneSimulator.ActiveCfg = Debug|Any CPU
		{206CC823-98EE-47F9-A0FD-3FDA2F7F5862}.Debug|iPhoneSimulator.Build.0 = Debug|Any CPU
		{206CC823-98EE-47F9-A0FD-3FDA2F7F5862}.Release|Any CPU.ActiveCfg = Release|Any CPU
		{206CC823-98EE-47F9-A0FD-3FDA2F7F5862}.Release|Any CPU.Build.0 = Release|Any CPU
		{206CC823-98EE-47F9-A0FD-3FDA2F7F5862}.Release|iPhone.ActiveCfg = Release|Any CPU
		{206CC823-98EE-47F9-A0FD-3FDA2F7F5862}.Release|iPhone.Build.0 = Release|Any CPU
		{206CC823-98EE-47F9-A0FD-3FDA2F7F5862}.Release|iPhoneSimulator.ActiveCfg = Release|Any CPU
		{206CC823-98EE-47F9-A0FD-3FDA2F7F5862}.Release|iPhoneSimulator.Build.0 = Release|Any CPU
		{E25F5B31-B2C8-4B3F-B0E4-78CDFA405DA3}.Debug|Any CPU.ActiveCfg = Debug|Any CPU
		{E25F5B31-B2C8-4B3F-B0E4-78CDFA405DA3}.Debug|Any CPU.Build.0 = Debug|Any CPU
		{E25F5B31-B2C8-4B3F-B0E4-78CDFA405DA3}.Debug|iPhone.ActiveCfg = Debug|Any CPU
		{E25F5B31-B2C8-4B3F-B0E4-78CDFA405DA3}.Debug|iPhone.Build.0 = Debug|Any CPU
		{E25F5B31-B2C8-4B3F-B0E4-78CDFA405DA3}.Debug|iPhoneSimulator.ActiveCfg = Debug|Any CPU
		{E25F5B31-B2C8-4B3F-B0E4-78CDFA405DA3}.Debug|iPhoneSimulator.Build.0 = Debug|Any CPU
		{E25F5B31-B2C8-4B3F-B0E4-78CDFA405DA3}.Release|Any CPU.ActiveCfg = Release|Any CPU
		{E25F5B31-B2C8-4B3F-B0E4-78CDFA405DA3}.Release|Any CPU.Build.0 = Release|Any CPU
		{E25F5B31-B2C8-4B3F-B0E4-78CDFA405DA3}.Release|iPhone.ActiveCfg = Release|Any CPU
		{E25F5B31-B2C8-4B3F-B0E4-78CDFA405DA3}.Release|iPhone.Build.0 = Release|Any CPU
		{E25F5B31-B2C8-4B3F-B0E4-78CDFA405DA3}.Release|iPhoneSimulator.ActiveCfg = Release|Any CPU
		{E25F5B31-B2C8-4B3F-B0E4-78CDFA405DA3}.Release|iPhoneSimulator.Build.0 = Release|Any CPU
		{18FCEF61-D36A-4F33-AD94-DB953448D9DC}.Debug|Any CPU.ActiveCfg = Debug|Any CPU
		{18FCEF61-D36A-4F33-AD94-DB953448D9DC}.Debug|Any CPU.Build.0 = Debug|Any CPU
		{18FCEF61-D36A-4F33-AD94-DB953448D9DC}.Debug|iPhone.ActiveCfg = Debug|Any CPU
		{18FCEF61-D36A-4F33-AD94-DB953448D9DC}.Debug|iPhone.Build.0 = Debug|Any CPU
		{18FCEF61-D36A-4F33-AD94-DB953448D9DC}.Debug|iPhoneSimulator.ActiveCfg = Debug|Any CPU
		{18FCEF61-D36A-4F33-AD94-DB953448D9DC}.Debug|iPhoneSimulator.Build.0 = Debug|Any CPU
		{18FCEF61-D36A-4F33-AD94-DB953448D9DC}.Release|Any CPU.ActiveCfg = Release|Any CPU
		{18FCEF61-D36A-4F33-AD94-DB953448D9DC}.Release|Any CPU.Build.0 = Release|Any CPU
		{18FCEF61-D36A-4F33-AD94-DB953448D9DC}.Release|iPhone.ActiveCfg = Release|Any CPU
		{18FCEF61-D36A-4F33-AD94-DB953448D9DC}.Release|iPhone.Build.0 = Release|Any CPU
		{18FCEF61-D36A-4F33-AD94-DB953448D9DC}.Release|iPhoneSimulator.ActiveCfg = Release|Any CPU
		{18FCEF61-D36A-4F33-AD94-DB953448D9DC}.Release|iPhoneSimulator.Build.0 = Release|Any CPU
		{4BF645BE-B392-4B8F-A983-4AAC8ABD7E5F}.Debug|Any CPU.ActiveCfg = Debug|Any CPU
		{4BF645BE-B392-4B8F-A983-4AAC8ABD7E5F}.Debug|Any CPU.Build.0 = Debug|Any CPU
		{4BF645BE-B392-4B8F-A983-4AAC8ABD7E5F}.Debug|Any CPU.Deploy.0 = Debug|Any CPU
		{4BF645BE-B392-4B8F-A983-4AAC8ABD7E5F}.Debug|iPhone.ActiveCfg = Debug|Any CPU
		{4BF645BE-B392-4B8F-A983-4AAC8ABD7E5F}.Debug|iPhone.Build.0 = Debug|Any CPU
		{4BF645BE-B392-4B8F-A983-4AAC8ABD7E5F}.Debug|iPhone.Deploy.0 = Debug|Any CPU
		{4BF645BE-B392-4B8F-A983-4AAC8ABD7E5F}.Debug|iPhoneSimulator.ActiveCfg = Debug|Any CPU
		{4BF645BE-B392-4B8F-A983-4AAC8ABD7E5F}.Debug|iPhoneSimulator.Build.0 = Debug|Any CPU
		{4BF645BE-B392-4B8F-A983-4AAC8ABD7E5F}.Debug|iPhoneSimulator.Deploy.0 = Debug|Any CPU
		{4BF645BE-B392-4B8F-A983-4AAC8ABD7E5F}.Release|Any CPU.ActiveCfg = Release|Any CPU
		{4BF645BE-B392-4B8F-A983-4AAC8ABD7E5F}.Release|Any CPU.Build.0 = Release|Any CPU
		{4BF645BE-B392-4B8F-A983-4AAC8ABD7E5F}.Release|Any CPU.Deploy.0 = Release|Any CPU
		{4BF645BE-B392-4B8F-A983-4AAC8ABD7E5F}.Release|iPhone.ActiveCfg = Release|Any CPU
		{4BF645BE-B392-4B8F-A983-4AAC8ABD7E5F}.Release|iPhone.Build.0 = Release|Any CPU
		{4BF645BE-B392-4B8F-A983-4AAC8ABD7E5F}.Release|iPhone.Deploy.0 = Release|Any CPU
		{4BF645BE-B392-4B8F-A983-4AAC8ABD7E5F}.Release|iPhoneSimulator.ActiveCfg = Release|Any CPU
		{4BF645BE-B392-4B8F-A983-4AAC8ABD7E5F}.Release|iPhoneSimulator.Build.0 = Release|Any CPU
		{4BF645BE-B392-4B8F-A983-4AAC8ABD7E5F}.Release|iPhoneSimulator.Deploy.0 = Release|Any CPU
		{0CD10EFD-9E21-4B5A-A629-50F07F55B0F0}.Debug|Any CPU.ActiveCfg = Debug|iPhone
		{0CD10EFD-9E21-4B5A-A629-50F07F55B0F0}.Debug|iPhone.ActiveCfg = Debug|iPhone
		{0CD10EFD-9E21-4B5A-A629-50F07F55B0F0}.Debug|iPhone.Build.0 = Debug|iPhone
		{0CD10EFD-9E21-4B5A-A629-50F07F55B0F0}.Debug|iPhoneSimulator.ActiveCfg = Debug|iPhoneSimulator
		{0CD10EFD-9E21-4B5A-A629-50F07F55B0F0}.Debug|iPhoneSimulator.Build.0 = Debug|iPhoneSimulator
		{0CD10EFD-9E21-4B5A-A629-50F07F55B0F0}.Release|Any CPU.ActiveCfg = Release|iPhone
		{0CD10EFD-9E21-4B5A-A629-50F07F55B0F0}.Release|iPhone.ActiveCfg = Release|iPhone
		{0CD10EFD-9E21-4B5A-A629-50F07F55B0F0}.Release|iPhone.Build.0 = Release|iPhone
		{0CD10EFD-9E21-4B5A-A629-50F07F55B0F0}.Release|iPhoneSimulator.ActiveCfg = Release|iPhoneSimulator
		{0CD10EFD-9E21-4B5A-A629-50F07F55B0F0}.Release|iPhoneSimulator.Build.0 = Release|iPhoneSimulator
		{8F1E73AB-D8C4-4D73-A117-95C2EB9D41B0}.Debug|Any CPU.ActiveCfg = Debug|Any CPU
		{8F1E73AB-D8C4-4D73-A117-95C2EB9D41B0}.Debug|Any CPU.Build.0 = Debug|Any CPU
		{8F1E73AB-D8C4-4D73-A117-95C2EB9D41B0}.Debug|iPhone.ActiveCfg = Debug|Any CPU
		{8F1E73AB-D8C4-4D73-A117-95C2EB9D41B0}.Debug|iPhone.Build.0 = Debug|Any CPU
		{8F1E73AB-D8C4-4D73-A117-95C2EB9D41B0}.Debug|iPhoneSimulator.ActiveCfg = Debug|Any CPU
		{8F1E73AB-D8C4-4D73-A117-95C2EB9D41B0}.Debug|iPhoneSimulator.Build.0 = Debug|Any CPU
		{8F1E73AB-D8C4-4D73-A117-95C2EB9D41B0}.Release|Any CPU.ActiveCfg = Release|Any CPU
		{8F1E73AB-D8C4-4D73-A117-95C2EB9D41B0}.Release|Any CPU.Build.0 = Release|Any CPU
		{8F1E73AB-D8C4-4D73-A117-95C2EB9D41B0}.Release|iPhone.ActiveCfg = Release|Any CPU
		{8F1E73AB-D8C4-4D73-A117-95C2EB9D41B0}.Release|iPhone.Build.0 = Release|Any CPU
		{8F1E73AB-D8C4-4D73-A117-95C2EB9D41B0}.Release|iPhoneSimulator.ActiveCfg = Release|Any CPU
		{8F1E73AB-D8C4-4D73-A117-95C2EB9D41B0}.Release|iPhoneSimulator.Build.0 = Release|Any CPU
		{3E884BCC-ECDC-4CD9-BE9C-7FC8D7ABEB28}.Debug|Any CPU.ActiveCfg = Debug|Any CPU
		{3E884BCC-ECDC-4CD9-BE9C-7FC8D7ABEB28}.Debug|Any CPU.Build.0 = Debug|Any CPU
		{3E884BCC-ECDC-4CD9-BE9C-7FC8D7ABEB28}.Debug|iPhone.ActiveCfg = Debug|Any CPU
		{3E884BCC-ECDC-4CD9-BE9C-7FC8D7ABEB28}.Debug|iPhone.Build.0 = Debug|Any CPU
		{3E884BCC-ECDC-4CD9-BE9C-7FC8D7ABEB28}.Debug|iPhoneSimulator.ActiveCfg = Debug|Any CPU
		{3E884BCC-ECDC-4CD9-BE9C-7FC8D7ABEB28}.Debug|iPhoneSimulator.Build.0 = Debug|Any CPU
		{3E884BCC-ECDC-4CD9-BE9C-7FC8D7ABEB28}.Release|Any CPU.ActiveCfg = Release|Any CPU
		{3E884BCC-ECDC-4CD9-BE9C-7FC8D7ABEB28}.Release|Any CPU.Build.0 = Release|Any CPU
		{3E884BCC-ECDC-4CD9-BE9C-7FC8D7ABEB28}.Release|iPhone.ActiveCfg = Release|Any CPU
		{3E884BCC-ECDC-4CD9-BE9C-7FC8D7ABEB28}.Release|iPhone.Build.0 = Release|Any CPU
		{3E884BCC-ECDC-4CD9-BE9C-7FC8D7ABEB28}.Release|iPhoneSimulator.ActiveCfg = Release|Any CPU
		{3E884BCC-ECDC-4CD9-BE9C-7FC8D7ABEB28}.Release|iPhoneSimulator.Build.0 = Release|Any CPU
		{E655EEDB-B1BB-4AEF-957D-CDCD85554A89}.Debug|Any CPU.ActiveCfg = Debug|Any CPU
		{E655EEDB-B1BB-4AEF-957D-CDCD85554A89}.Debug|Any CPU.Build.0 = Debug|Any CPU
		{E655EEDB-B1BB-4AEF-957D-CDCD85554A89}.Debug|iPhone.ActiveCfg = Debug|Any CPU
		{E655EEDB-B1BB-4AEF-957D-CDCD85554A89}.Debug|iPhone.Build.0 = Debug|Any CPU
		{E655EEDB-B1BB-4AEF-957D-CDCD85554A89}.Debug|iPhoneSimulator.ActiveCfg = Debug|Any CPU
		{E655EEDB-B1BB-4AEF-957D-CDCD85554A89}.Debug|iPhoneSimulator.Build.0 = Debug|Any CPU
		{E655EEDB-B1BB-4AEF-957D-CDCD85554A89}.Release|Any CPU.ActiveCfg = Release|Any CPU
		{E655EEDB-B1BB-4AEF-957D-CDCD85554A89}.Release|Any CPU.Build.0 = Release|Any CPU
		{E655EEDB-B1BB-4AEF-957D-CDCD85554A89}.Release|iPhone.ActiveCfg = Release|Any CPU
		{E655EEDB-B1BB-4AEF-957D-CDCD85554A89}.Release|iPhone.Build.0 = Release|Any CPU
		{E655EEDB-B1BB-4AEF-957D-CDCD85554A89}.Release|iPhoneSimulator.ActiveCfg = Release|Any CPU
		{E655EEDB-B1BB-4AEF-957D-CDCD85554A89}.Release|iPhoneSimulator.Build.0 = Release|Any CPU
		{E15E067A-BAE5-4198-BE43-F17638A98AE6}.Debug|Any CPU.ActiveCfg = Debug|Any CPU
		{E15E067A-BAE5-4198-BE43-F17638A98AE6}.Debug|Any CPU.Build.0 = Debug|Any CPU
		{E15E067A-BAE5-4198-BE43-F17638A98AE6}.Debug|iPhone.ActiveCfg = Debug|Any CPU
		{E15E067A-BAE5-4198-BE43-F17638A98AE6}.Debug|iPhone.Build.0 = Debug|Any CPU
		{E15E067A-BAE5-4198-BE43-F17638A98AE6}.Debug|iPhoneSimulator.ActiveCfg = Debug|Any CPU
		{E15E067A-BAE5-4198-BE43-F17638A98AE6}.Debug|iPhoneSimulator.Build.0 = Debug|Any CPU
		{E15E067A-BAE5-4198-BE43-F17638A98AE6}.Release|Any CPU.ActiveCfg = Release|Any CPU
		{E15E067A-BAE5-4198-BE43-F17638A98AE6}.Release|Any CPU.Build.0 = Release|Any CPU
		{E15E067A-BAE5-4198-BE43-F17638A98AE6}.Release|iPhone.ActiveCfg = Release|Any CPU
		{E15E067A-BAE5-4198-BE43-F17638A98AE6}.Release|iPhone.Build.0 = Release|Any CPU
		{E15E067A-BAE5-4198-BE43-F17638A98AE6}.Release|iPhoneSimulator.ActiveCfg = Release|Any CPU
		{E15E067A-BAE5-4198-BE43-F17638A98AE6}.Release|iPhoneSimulator.Build.0 = Release|Any CPU
	EndGlobalSection
	GlobalSection(SolutionProperties) = preSolution
		HideSolutionNode = FALSE
	EndGlobalSection
	GlobalSection(NestedProjects) = preSolution
		{4A3661F8-6DC8-4762-B418-8342320BADEE} = {3DFA3058-61C6-4570-A2A2-D14266483CC5}
		{7260475F-48E5-4420-8063-8D9B66D93BE3} = {3DFA3058-61C6-4570-A2A2-D14266483CC5}
		{6C169E35-920A-4FA0-B702-360CB3D860E2} = {3DFA3058-61C6-4570-A2A2-D14266483CC5}
		{206CC823-98EE-47F9-A0FD-3FDA2F7F5862} = {EA05AB28-CBCA-4251-A0A2-19B28A6FC359}
		{E25F5B31-B2C8-4B3F-B0E4-78CDFA405DA3} = {6363F438-CF00-4467-8CE9-49BF66B72EE7}
		{18FCEF61-D36A-4F33-AD94-DB953448D9DC} = {6C169E35-920A-4FA0-B702-360CB3D860E2}
		{4BF645BE-B392-4B8F-A983-4AAC8ABD7E5F} = {7260475F-48E5-4420-8063-8D9B66D93BE3}
		{0CD10EFD-9E21-4B5A-A629-50F07F55B0F0} = {7260475F-48E5-4420-8063-8D9B66D93BE3}
		{8F1E73AB-D8C4-4D73-A117-95C2EB9D41B0} = {7260475F-48E5-4420-8063-8D9B66D93BE3}
		{3E884BCC-ECDC-4CD9-BE9C-7FC8D7ABEB28} = {4A3661F8-6DC8-4762-B418-8342320BADEE}
		{E655EEDB-B1BB-4AEF-957D-CDCD85554A89} = {EA05AB28-CBCA-4251-A0A2-19B28A6FC359}
		{24D74B98-C395-409D-83DC-98B9E00157F8} = {3DFA3058-61C6-4570-A2A2-D14266483CC5}
		{E15E067A-BAE5-4198-BE43-F17638A98AE6} = {24D74B98-C395-409D-83DC-98B9E00157F8}
	EndGlobalSection
	GlobalSection(ExtensibilityGlobals) = postSolution
		SolutionGuid = {BC60D758-841E-46BC-BACD-2A42B92C6EC5}
	EndGlobalSection
EndGlobal
